
Microsoft Visual Studio Solution File, Format Version 12.00
# Visual Studio Version 17
VisualStudioVersion = 17.14.36109.1 d17.14
MinimumVisualStudioVersion = 10.0.40219.1
Project("{FAE04EC0-301F-11D3-BF4B-00C04F79EFBC}") = "WebApplication1", "WebApplication1\WebApplication1.csproj", "{1DFEFBE1-21A5-4073-868E-D465E6E4D330}"
EndProject
Global
	GlobalSection(SolutionConfigurationPlatforms) = preSolution
		Debug|Any CPU = Debug|Any CPU
		Release|Any CPU = Release|Any CPU
	EndGlobalSection
	GlobalSection(ProjectConfigurationPlatforms) = postSolution
		{1DFEFBE1-21A5-4073-868E-D465E6E4D330}.Debug|Any CPU.ActiveCfg = Debug|Any CPU
		{1DFEFBE1-21A5-4073-868E-D465E6E4D330}.Debug|Any CPU.Build.0 = Debug|Any CPU
		{1DFEFBE1-21A5-4073-868E-D465E6E4D330}.Release|Any CPU.ActiveCfg = Release|Any CPU
		{1DFEFBE1-21A5-4073-868E-D465E6E4D330}.Release|Any CPU.Build.0 = Release|Any CPU
	EndGlobalSection
	GlobalSection(SolutionProperties) = preSolution
		HideSolutionNode = FALSE
	EndGlobalSection
	GlobalSection(ExtensibilityGlobals) = postSolution
		SolutionGuid = {9ECAAD76-1917-47D7-BFFA-F83EC1B95474}
	EndGlobalSection
EndGlobal
